
Microsoft Visual Studio Solution File, Format Version 12.00
# Visual Studio Version 17
VisualStudioVersion = 17.6.33723.286
MinimumVisualStudioVersion = 10.0.40219.1
Project("{9A19103F-16F7-4668-BE54-9A1E7A4F7556}") = "IntegracionUI", "IntegracionUI\IntegracionUI.csproj", "{ED077028-82E9-416A-9F0B-971077C69657}"
EndProject
Global
	GlobalSection(SolutionConfigurationPlatforms) = preSolution
		Debug|Any CPU = Debug|Any CPU
		Release|Any CPU = Release|Any CPU
	EndGlobalSection
	GlobalSection(ProjectConfigurationPlatforms) = postSolution
		{ED077028-82E9-416A-9F0B-971077C69657}.Debug|Any CPU.ActiveCfg = Debug|Any CPU
		{ED077028-82E9-416A-9F0B-971077C69657}.Debug|Any CPU.Build.0 = Debug|Any CPU
		{ED077028-82E9-416A-9F0B-971077C69657}.Release|Any CPU.ActiveCfg = Release|Any CPU
		{ED077028-82E9-416A-9F0B-971077C69657}.Release|Any CPU.Build.0 = Release|Any CPU
	EndGlobalSection
	GlobalSection(SolutionProperties) = preSolution
		HideSolutionNode = FALSE
	EndGlobalSection
	GlobalSection(ExtensibilityGlobals) = postSolution
		SolutionGuid = {0B3FA7BA-6A75-4CC1-9302-85B0D175CAAC}
	EndGlobalSection
EndGlobal
